
Microsoft Visual Studio Solution File, Format Version 12.00
# Visual Studio Version 16
VisualStudioVersion = 16.0.31515.178
MinimumVisualStudioVersion = 10.0.40219.1
Project("{FAE04EC0-301F-11D3-BF4B-00C04F79EFBC}") = "Rappels_POO", "Rappels_POO\Rappels_POO.csproj", "{37D49AC4-9E9D-4096-AE34-5D4326EB8DD7}"
EndProject
Global
	GlobalSection(SolutionConfigurationPlatforms) = preSolution
		Debug|Any CPU = Debug|Any CPU
		Release|Any CPU = Release|Any CPU
	EndGlobalSection
	GlobalSection(ProjectConfigurationPlatforms) = postSolution
		{37D49AC4-9E9D-4096-AE34-5D4326EB8DD7}.Debug|Any CPU.ActiveCfg = Debug|Any CPU
		{37D49AC4-9E9D-4096-AE34-5D4326EB8DD7}.Debug|Any CPU.Build.0 = Debug|Any CPU
		{37D49AC4-9E9D-4096-AE34-5D4326EB8DD7}.Release|Any CPU.ActiveCfg = Release|Any CPU
		{37D49AC4-9E9D-4096-AE34-5D4326EB8DD7}.Release|Any CPU.Build.0 = Release|Any CPU
	EndGlobalSection
	GlobalSection(SolutionProperties) = preSolution
		HideSolutionNode = FALSE
	EndGlobalSection
	GlobalSection(ExtensibilityGlobals) = postSolution
		SolutionGuid = {DD01F591-30CF-4C1E-9540-AAB598333D08}
	EndGlobalSection
EndGlobal
